
Microsoft Visual Studio Solution File, Format Version 12.00
# Visual Studio Version 16
VisualStudioVersion = 16.0.31105.61
MinimumVisualStudioVersion = 10.0.40219.1
Project("{FAE04EC0-301F-11D3-BF4B-00C04F79EFBC}") = "PresentationLayer", "MessageSender\PresentationLayer.csproj", "{9711C14C-A973-4907-A65F-D228D25B4574}"
EndProject
Project("{FAE04EC0-301F-11D3-BF4B-00C04F79EFBC}") = "BusinessLogicLayer", "DomainLayer\BusinessLogicLayer.csproj", "{358F16EE-C6ED-4721-B213-E27BE7E926B2}"
EndProject
Project("{FAE04EC0-301F-11D3-BF4B-00C04F79EFBC}") = "DataAccessLayer", "DataAccessLayer\DataAccessLayer.csproj", "{4C8EBA42-5C3A-46F1-B2B2-2FB912EE4F4C}"
EndProject
Global
	GlobalSection(SolutionConfigurationPlatforms) = preSolution
		Debug|Any CPU = Debug|Any CPU
		Release|Any CPU = Release|Any CPU
	EndGlobalSection
	GlobalSection(ProjectConfigurationPlatforms) = postSolution
		{9711C14C-A973-4907-A65F-D228D25B4574}.Debug|Any CPU.ActiveCfg = Debug|Any CPU
		{9711C14C-A973-4907-A65F-D228D25B4574}.Debug|Any CPU.Build.0 = Debug|Any CPU
		{9711C14C-A973-4907-A65F-D228D25B4574}.Release|Any CPU.ActiveCfg = Release|Any CPU
		{9711C14C-A973-4907-A65F-D228D25B4574}.Release|Any CPU.Build.0 = Release|Any CPU
		{358F16EE-C6ED-4721-B213-E27BE7E926B2}.Debug|Any CPU.ActiveCfg = Debug|Any CPU
		{358F16EE-C6ED-4721-B213-E27BE7E926B2}.Debug|Any CPU.Build.0 = Debug|Any CPU
		{358F16EE-C6ED-4721-B213-E27BE7E926B2}.Release|Any CPU.ActiveCfg = Release|Any CPU
		{358F16EE-C6ED-4721-B213-E27BE7E926B2}.Release|Any CPU.Build.0 = Release|Any CPU
		{4C8EBA42-5C3A-46F1-B2B2-2FB912EE4F4C}.Debug|Any CPU.ActiveCfg = Debug|Any CPU
		{4C8EBA42-5C3A-46F1-B2B2-2FB912EE4F4C}.Debug|Any CPU.Build.0 = Debug|Any CPU
		{4C8EBA42-5C3A-46F1-B2B2-2FB912EE4F4C}.Release|Any CPU.ActiveCfg = Release|Any CPU
		{4C8EBA42-5C3A-46F1-B2B2-2FB912EE4F4C}.Release|Any CPU.Build.0 = Release|Any CPU
	EndGlobalSection
	GlobalSection(SolutionProperties) = preSolution
		HideSolutionNode = FALSE
	EndGlobalSection
	GlobalSection(ExtensibilityGlobals) = postSolution
		SolutionGuid = {33589E32-9359-46C8-9F8F-DD41FEF8C763}
	EndGlobalSection
EndGlobal
